
Microsoft Visual Studio Solution File, Format Version 12.00
# Visual Studio Version 16
VisualStudioVersion = 16.0.34601.136
MinimumVisualStudioVersion = 10.0.40219.1
Project("{FAE04EC0-301F-11D3-BF4B-00C04F79EFBC}") = "BaitaptulamNMH", "BaitaptulamNMH\BaitaptulamNMH.csproj", "{DFC74E35-CE8D-4AF6-9E74-7649A12D03FC}"
EndProject
Global
	GlobalSection(SolutionConfigurationPlatforms) = preSolution
		Debug|Any CPU = Debug|Any CPU
		Release|Any CPU = Release|Any CPU
	EndGlobalSection
	GlobalSection(ProjectConfigurationPlatforms) = postSolution
		{DFC74E35-CE8D-4AF6-9E74-7649A12D03FC}.Debug|Any CPU.ActiveCfg = Debug|Any CPU
		{DFC74E35-CE8D-4AF6-9E74-7649A12D03FC}.Debug|Any CPU.Build.0 = Debug|Any CPU
		{DFC74E35-CE8D-4AF6-9E74-7649A12D03FC}.Release|Any CPU.ActiveCfg = Release|Any CPU
		{DFC74E35-CE8D-4AF6-9E74-7649A12D03FC}.Release|Any CPU.Build.0 = Release|Any CPU
	EndGlobalSection
	GlobalSection(SolutionProperties) = preSolution
		HideSolutionNode = FALSE
	EndGlobalSection
	GlobalSection(ExtensibilityGlobals) = postSolution
		SolutionGuid = {4D0AB795-C2A2-45F6-8D69-5412C30637A0}
	EndGlobalSection
EndGlobal
